#
# This file is autogenerated by pip-compile with Python 3.14
# by the following command:
#
#    pip-compile --output-file=requirements.lock requirements.txt
#
anyio==4.13.0
    # via httpx
certifi==2026.5.20
    # via
    #   httpcore
    #   httpx
feedparser==6.0.12
    # via -r requirements.txt
h11==0.16.0
    # via httpcore
httpcore==1.0.9
    # via httpx
httpx==0.28.1
    # via -r requirements.txt
idna==3.18
    # via
    #   anyio
    #   httpx
iniconfig==2.3.0
    # via pytest
packaging==26.2
    # via pytest
pluggy==1.6.0
    # via pytest
pygments==2.20.0
    # via pytest
pytest==9.0.3
    # via
    #   -r requirements.txt
    #   pytest-asyncio
pytest-asyncio==1.4.0
    # via -r requirements.txt
pyyaml==6.0.3
    # via -r requirements.txt
sgmllib3k==1.0.0
    # via feedparser
